// !$*UTF8*$!
{
	archiveVersion = 1;
	classes = {
	};
	objectVersion = 55;
	objects = {

/* Begin PBXBuildFile section */
		BCDABE2E27B6C967005C3067 /* AppDelegate.swift in Sources */ = {isa = PBXBuildFile; fileRef = BCDABE2D27B6C967005C3067 /* AppDelegate.swift */; };
		BCDABE3027B6C967005C3067 /* SceneDelegate.swift in Sources */ = {isa = PBXBuildFile; fileRef = BCDABE2F27B6C967005C3067 /* SceneDelegate.swift */; };
		BCDABE3227B6C967005C3067 /* ViewController.swift in Sources */ = {isa = PBXBuildFile; fileRef = BCDABE3127B6C967005C3067 /* ViewController.swift */; };
		BCDABE3527B6C967005C3067 /* Main.storyboard in Resources */ = {isa = PBXBuildFile; fileRef = BCDABE3327B6C967005C3067 /* Main.storyboard */; };
		BCDABE3727B6C968005C3067 /* Assets.xcassets in Resources */ = {isa = PBXBuildFile; fileRef = BCDABE3627B6C968005C3067 /* Assets.xcassets */; };
		BCDABE3A27B6C968005C3067 /* LaunchScreen.storyboard in Resources */ = {isa = PBXBuildFile; fileRef = BCDABE3827B6C968005C3067 /* LaunchScreen.storyboard */; };
		BCDABE4527B6C968005C3067 /* EmojiButtonUITests.swift in Sources */ = {isa = PBXBuildFile; fileRef = BCDABE4427B6C968005C3067 /* EmojiButtonUITests.swift */; };
		BCDABE4F27B6C968005C3067 /* EmojiButtonUIUITests.swift in Sources */ = {isa = PBXBuildFile; fileRef = BCDABE4E27B6C968005C3067 /* EmojiButtonUIUITests.swift */; };
		BCDABE5127B6C968005C3067 /* EmojiButtonUIUITestsLaunchTests.swift in Sources */ = {isa = PBXBuildFile; fileRef = BCDABE5027B6C968005C3067 /* EmojiButtonUIUITestsLaunchTests.swift */; };
/* End PBXBuildFile section */

/* Begin PBXContainerItemProxy section */
		BCDABE4127B6C968005C3067 /* PBXContainerItemProxy */ = {
			isa = PBXContainerItemProxy;
			containerPortal = BCDABE2227B6C967005C3067 /* Project object */;
			proxyType = 1;
			remoteGlobalIDString = BCDABE2927B6C967005C3067;
			remoteInfo = EmojiButtonUI;
		};
		BCDABE4B27B6C968005C3067 /* PBXContainerItemProxy */ = {
			isa = PBXContainerItemProxy;
			containerPortal = BCDABE2227B6C967005C3067 /* Project object */;
			proxyType = 1;
			remoteGlobalIDString = BCDABE2927B6C967005C3067;
			remoteInfo = EmojiButtonUI;
		};
/* End PBXContainerItemProxy section */

/* Begin PBXFileReference section */
		BCDABE2A27B6C967005C3067 /* EmojiButtonUI.app */ = {isa = PBXFileReference; explicitFileType = wrapper.application; includeInIndex = 0; path = EmojiButtonUI.app; sourceTree = BUILT_PRODUCTS_DIR; };
		BCDABE2D27B6C967005C3067 /* AppDelegate.swift */ = {isa = PBXFileReference; lastKnownFileType = sourcecode.swift; path = AppDelegate.swift; sourceTree = "<group>"; };
		BCDABE2F27B6C967005C3067 /* SceneDelegate.swift */ = {isa = PBXFileReference; lastKnownFileType = sourcecode.swift; path = SceneDelegate.swift; sourceTree = "<group>"; };
		BCDABE3127B6C967005C3067 /* ViewController.swift */ = {isa = PBXFileReference; lastKnownFileType = sourcecode.swift; path = ViewController.swift; sourceTree = "<group>"; };
		BCDABE3427B6C967005C3067 /* Base */ = {isa = PBXFileReference; lastKnownFileType = file.storyboard; name = Base; path = Base.lproj/Main.storyboard; sourceTree = "<group>"; };
		BCDABE3627B6C968005C3067 /* Assets.xcassets */ = {isa = PBXFileReference; lastKnownFileType = folder.assetcatalog; path = Assets.xcassets; sourceTree = "<group>"; };
		BCDABE3927B6C968005C3067 /* Base */ = {isa = PBXFileReference; lastKnownFileType = file.storyboard; name = Base; path = Base.lproj/LaunchScreen.storyboard; sourceTree = "<group>"; };
		BCDABE3B27B6C968005C3067 /* Info.plist */ = {isa = PBXFileReference; lastKnownFileType = text.plist.xml; path = Info.plist; sourceTree = "<group>"; };
		BCDABE4027B6C968005C3067 /* EmojiButtonUITests.xctest */ = {isa = PBXFileReference; explicitFileType = wrapper.cfbundle; includeInIndex = 0; path = EmojiButtonUITests.xctest; sourceTree = BUILT_PRODUCTS_DIR; };
		BCDABE4427B6C968005C3067 /* EmojiButtonUITests.swift */ = {isa = PBXFileReference; lastKnownFileType = sourcecode.swift; path = EmojiButtonUITests.swift; sourceTree = "<group>"; };
		BCDABE4A27B6C968005C3067 /* EmojiButtonUIUITests.xctest */ = {isa = PBXFileReference; explicitFileType = wrapper.cfbundle; includeInIndex = 0; path = EmojiButtonUIUITests.xctest; sourceTree = BUILT_PRODUCTS_DIR; };
		BCDABE4E27B6C968005C3067 /* EmojiButtonUIUITests.swift */ = {isa = PBXFileReference; lastKnownFileType = sourcecode.swift; path = EmojiButtonUIUITests.swift; sourceTree = "<group>"; };
		BCDABE5027B6C968005C3067 /* EmojiButtonUIUITestsLaunchTests.swift */ = {isa = PBXFileReference; lastKnownFileType = sourcecode.swift; path = EmojiButtonUIUITestsLaunchTests.swift; sourceTree = "<group>"; };
/* End PBXFileReference section */

/* Begin PBXFrameworksBuildPhase section */
		BCDABE2727B6C967005C3067 /* Frameworks */ = {
			isa = PBXFrameworksBuildPhase;
			buildActionMask = 2147483647;
			files = (
			);
			runOnlyForDeploymentPostprocessing = 0;
		};
		BCDABE3D27B6C968005C3067 /* Frameworks */ = {
			isa = PBXFrameworksBuildPhase;
			buildActionMask = 2147483647;
			files = (
			);
			runOnlyForDeploymentPostprocessing = 0;
		};
		BCDABE4727B6C968005C3067 /* Frameworks */ = {
			isa = PBXFrameworksBuildPhase;
			buildActionMask = 2147483647;
			files = (
			);
			runOnlyForDeploymentPostprocessing = 0;
		};
/* End PBXFrameworksBuildPhase section */

/* Begin PBXGroup section */
		BCDABE2127B6C967005C3067 = {
			isa = PBXGroup;
			children = (
				BCDABE2C27B6C967005C3067 /* EmojiButtonUI */,
				BCDABE4327B6C968005C3067 /* EmojiButtonUITests */,
				BCDABE4D27B6C968005C3067 /* EmojiButtonUIUITests */,
				BCDABE2B27B6C967005C3067 /* Products */,
			);
			sourceTree = "<group>";
		};
		BCDABE2B27B6C967005C3067 /* Products */ = {
			isa = PBXGroup;
			children = (
				BCDABE2A27B6C967005C3067 /* EmojiButtonUI.app */,
				BCDABE4027B6C968005C3067 /* EmojiButtonUITests.xctest */,
				BCDABE4A27B6C968005C3067 /* EmojiButtonUIUITests.xctest */,
			);
			name = Products;
			sourceTree = "<group>";
		};
		BCDABE2C27B6C967005C3067 /* EmojiButtonUI */ = {
			isa = PBXGroup;
			children = (
				BCDABE2D27B6C967005C3067 /* AppDelegate.swift */,
				BCDABE2F27B6C967005C3067 /* SceneDelegate.swift */,
				BCDABE3127B6C967005C3067 /* ViewController.swift */,
				BCDABE3327B6C967005C3067 /* Main.storyboard */,
				BCDABE3627B6C968005C3067 /* Assets.xcassets */,
				BCDABE3827B6C968005C3067 /* LaunchScreen.storyboard */,
				BCDABE3B27B6C968005C3067 /* Info.plist */,
			);
			path = EmojiButtonUI;
			sourceTree = "<group>";
		};
		BCDABE4327B6C968005C3067 /* EmojiButtonUITests */ = {
			isa = PBXGroup;
			children = (
				BCDABE4427B6C968005C3067 /* EmojiButtonUITests.swift */,
			);
			path = EmojiButtonUITests;
			sourceTree = "<group>";
		};
		BCDABE4D27B6C968005C3067 /* EmojiButtonUIUITests */ = {
			isa = PBXGroup;
			children = (
				BCDABE4E27B6C968005C3067 /* EmojiButtonUIUITests.swift */,
				BCDABE5027B6C968005C3067 /* EmojiButtonUIUITestsLaunchTests.swift */,
			);
			path = EmojiButtonUIUITests;
			sourceTree = "<group>";
		};
/* End PBXGroup section */

/* Begin PBXNativeTarget section */
		BCDABE2927B6C967005C3067 /* EmojiButtonUI */ = {
			isa = PBXNativeTarget;
			buildConfigurationList = BCDABE5427B6C968005C3067 /* Build configuration list for PBXNativeTarget "EmojiButtonUI" */;
			buildPhases = (
				BCDABE2627B6C967005C3067 /* Sources */,
				BCDABE2727B6C967005C3067 /* Frameworks */,
				BCDABE2827B6C967005C3067 /* Resources */,
			);
			buildRules = (
			);
			dependencies = (
			);
			name = EmojiButtonUI;
			productName = EmojiButtonUI;
			productReference = BCDABE2A27B6C967005C3067 /* EmojiButtonUI.app */;
			productType = "com.apple.product-type.application";
		};
		BCDABE3F27B6C968005C3067 /* EmojiButtonUITests */ = {
			isa = PBXNativeTarget;
			buildConfigurationList = BCDABE5727B6C968005C3067 /* Build configuration list for PBXNativeTarget "EmojiButtonUITests" */;
			buildPhases = (
				BCDABE3C27B6C968005C3067 /* Sources */,
				BCDABE3D27B6C968005C3067 /* Frameworks */,
				BCDABE3E27B6C968005C3067 /* Resources */,
			);
			buildRules = (
			);
			dependencies = (
				BCDABE4227B6C968005C3067 /* PBXTargetDependency */,
			);
			name = EmojiButtonUITests;
			productName = EmojiButtonUITests;
			productReference = BCDABE4027B6C968005C3067 /* EmojiButtonUITests.xctest */;
			productType = "com.apple.product-type.bundle.unit-test";
		};
		BCDABE4927B6C968005C3067 /* EmojiButtonUIUITests */ = {
			isa = PBXNativeTarget;
			buildConfigurationList = BCDABE5A27B6C968005C3067 /* Build configuration list for PBXNativeTarget "EmojiButtonUIUITests" */;
			buildPhases = (
				BCDABE4627B6C968005C3067 /* Sources */,
				BCDABE4727B6C968005C3067 /* Frameworks */,
				BCDABE4827B6C968005C3067 /* Resources */,
			);
			buildRules = (
			);
			dependencies = (
				BCDABE4C27B6C968005C3067 /* PBXTargetDependency */,
			);
			name = EmojiButtonUIUITests;
			productName = EmojiButtonUIUITests;
			productReference = BCDABE4A27B6C968005C3067 /* EmojiButtonUIUITests.xctest */;
			productType = "com.apple.product-type.bundle.ui-testing";
		};
/* End PBXNativeTarget section */

/* Begin PBXProject section */
		BCDABE2227B6C967005C3067 /* Project object */ = {
			isa = PBXProject;
			attributes = {
				BuildIndependentTargetsInParallel = 1;
				LastSwiftUpdateCheck = 1320;
				LastUpgradeCheck = 1320;
				TargetAttributes = {
					BCDABE2927B6C967005C3067 = {
						CreatedOnToolsVersion = 13.2.1;
					};
					BCDABE3F27B6C968005C3067 = {
						CreatedOnToolsVersion = 13.2.1;
						TestTargetID = BCDABE2927B6C967005C3067;
					};
					BCDABE4927B6C968005C3067 = {
						CreatedOnToolsVersion = 13.2.1;
						TestTargetID = BCDABE2927B6C967005C3067;
					};
				};
			};
			buildConfigurationList = BCDABE2527B6C967005C3067 /* Build configuration list for PBXProject "EmojiButtonUI" */;
			compatibilityVersion = "Xcode 13.0";
			developmentRegion = en;
			hasScannedForEncodings = 0;
			knownRegions = (
				en,
				Base,
			);
			mainGroup = BCDABE2127B6C967005C3067;
			productRefGroup = BCDABE2B27B6C967005C3067 /* Products */;
			projectDirPath = "";
			projectRoot = "";
			targets = (
				BCDABE2927B6C967005C3067 /* EmojiButtonUI */,
				BCDABE3F27B6C968005C3067 /* EmojiButtonUITests */,
				BCDABE4927B6C968005C3067 /* EmojiButtonUIUITests */,
			);
		};
/* End PBXProject section */

/* Begin PBXResourcesBuildPhase section */
		BCDABE2827B6C967005C3067 /* Resources */ = {
			isa = PBXResourcesBuildPhase;
			buildActionMask = 2147483647;
			files = (
				BCDABE3A27B6C968005C3067 /* LaunchScreen.storyboard in Resources */,
				BCDABE3727B6C968005C3067 /* Assets.xcassets in Resources */,
				BCDABE3527B6C967005C3067 /* Main.storyboard in Resources */,
			);
			runOnlyForDeploymentPostprocessing = 0;
		};
		BCDABE3E27B6C968005C3067 /* Resources */ = {
			isa = PBXResourcesBuildPhase;
			buildActionMask = 2147483647;
			files = (
			);
			runOnlyForDeploymentPostprocessing = 0;
		};
		BCDABE4827B6C968005C3067 /* Resources */ = {
			isa = PBXResourcesBuildPhase;
			buildActionMask = 2147483647;
			files = (
			);
			runOnlyForDeploymentPostprocessing = 0;
		};
/* End PBXResourcesBuildPhase section */

/* Begin PBXSourcesBuildPhase section */
		BCDABE2627B6C967005C3067 /* Sources */ = {
			isa = PBXSourcesBuildPhase;
			buildActionMask = 2147483647;
			files = (
				BCDABE3227B6C967005C3067 /* ViewController.swift in Sources */,
				BCDABE2E27B6C967005C3067 /* AppDelegate.swift in Sources */,
				BCDABE3027B6C967005C3067 /* SceneDelegate.swift in Sources */,
			);
			runOnlyForDeploymentPostprocessing = 0;
		};
		BCDABE3C27B6C968005C3067 /* Sources */ = {
			isa = PBXSourcesBuildPhase;
			buildActionMask = 2147483647;
			files = (
				BCDABE4527B6C968005C3067 /* EmojiButtonUITests.swift in Sources */,
			);
			runOnlyForDeploymentPostprocessing = 0;
		};
		BCDABE4627B6C968005C3067 /* Sources */ = {
			isa = PBXSourcesBuildPhase;
			buildActionMask = 2147483647;
			files = (
				BCDABE4F27B6C968005C3067 /* EmojiButtonUIUITests.swift in Sources */,
				BCDABE5127B6C968005C3067 /* EmojiButtonUIUITestsLaunchTests.swift in Sources */,
			);
			runOnlyForDeploymentPostprocessing = 0;
		};
/* End PBXSourcesBuildPhase section */

/* Begin PBXTargetDependency section */
		BCDABE4227B6C968005C3067 /* PBXTargetDependency */ = {
			isa = PBXTargetDependency;
			target = BCDABE2927B6C967005C3067 /* EmojiButtonUI */;
			targetProxy = BCDABE4127B6C968005C3067 /* PBXContainerItemProxy */;
		};
		BCDABE4C27B6C968005C3067 /* PBXTargetDependency */ = {
			isa = PBXTargetDependency;
			target = BCDABE2927B6C967005C3067 /* EmojiButtonUI */;
			targetProxy = BCDABE4B27B6C968005C3067 /* PBXContainerItemProxy */;
		};
/* End PBXTargetDependency section */

/* Begin PBXVariantGroup section */
		BCDABE3327B6C967005C3067 /* Main.storyboard */ = {
			isa = PBXVariantGroup;
			children = (
				BCDABE3427B6C967005C3067 /* Base */,
			);
			name = Main.storyboard;
			sourceTree = "<group>";
		};
		BCDABE3827B6C968005C3067 /* LaunchScreen.storyboard */ = {
			isa = PBXVariantGroup;
			children = (
				BCDABE3927B6C968005C3067 /* Base */,
			);
			name = LaunchScreen.storyboard;
			sourceTree = "<group>";
		};
/* End PBXVariantGroup section */

/* Begin XCBuildConfiguration section */
		BCDABE5227B6C968005C3067 /* Debug */ = {
			isa = XCBuildConfiguration;
			buildSettings = {
				ALWAYS_SEARCH_USER_PATHS = NO;
				CLANG_ANALYZER_NONNULL = YES;
				CLANG_ANALYZER_NUMBER_OBJECT_CONVERSION = YES_AGGRESSIVE;
				CLANG_CXX_LANGUAGE_STANDARD = "gnu++17";
				CLANG_CXX_LIBRARY = "libc++";
				CLANG_ENABLE_MODULES = YES;
				CLANG_ENABLE_OBJC_ARC = YES;
				CLANG_ENABLE_OBJC_WEAK = YES;
				CLANG_WARN_BLOCK_CAPTURE_AUTORELEASING = YES;
				CLANG_WARN_BOOL_CONVERSION = YES;
				CLANG_WARN_COMMA = YES;
				CLANG_WARN_CONSTANT_CONVERSION = YES;
				CLANG_WARN_DEPRECATED_OBJC_IMPLEMENTATIONS = YES;
				CLANG_WARN_DIRECT_OBJC_ISA_USAGE = YES_ERROR;
				CLANG_WARN_DOCUMENTATION_COMMENTS = YES;
				CLANG_WARN_EMPTY_BODY = YES;
				CLANG_WARN_ENUM_CONVERSION = YES;
				CLANG_WARN_INFINITE_RECURSION = YES;
				CLANG_WARN_INT_CONVERSION = YES;
				CLANG_WARN_NON_LITERAL_NULL_CONVERSION = YES;
				CLANG_WARN_OBJC_IMPLICIT_RETAIN_SELF = YES;
				CLANG_WARN_OBJC_LITERAL_CONVERSION = YES;
				CLANG_WARN_OBJC_ROOT_CLASS = YES_ERROR;
				CLANG_WARN_QUOTED_INCLUDE_IN_FRAMEWORK_HEADER = YES;
				CLANG_WARN_RANGE_LOOP_ANALYSIS = YES;
				CLANG_WARN_STRICT_PROTOTYPES = YES;
				CLANG_WARN_SUSPICIOUS_MOVE = YES;
				CLANG_WARN_UNGUARDED_AVAILABILITY = YES_AGGRESSIVE;
				CLANG_WARN_UNREACHABLE_CODE = YES;
				CLANG_WARN__DUPLICATE_METHOD_MATCH = YES;
				COPY_PHASE_STRIP = NO;
				DEBUG_INFORMATION_FORMAT = dwarf;
				ENABLE_STRICT_OBJC_MSGSEND = YES;
				ENABLE_TESTABILITY = YES;
				GCC_C_LANGUAGE_STANDARD = gnu11;
				GCC_DYNAMIC_NO_PIC = NO;
				GCC_NO_COMMON_BLOCKS = YES;
				GCC_OPTIMIZATION_LEVEL = 0;
				GCC_PREPROCESSOR_DEFINITIONS = (
					"DEBUG=1",
					"$(inherited)",
				);
				GCC_WARN_64_TO_32_BIT_CONVERSION = YES;
				GCC_WARN_ABOUT_RETURN_TYPE = YES_ERROR;
				GCC_WARN_UNDECLARED_SELECTOR = YES;
				GCC_WARN_UNINITIALIZED_AUTOS = YES_AGGRESSIVE;
				GCC_WARN_UNUSED_FUNCTION = YES;
				GCC_WARN_UNUSED_VARIABLE = YES;
				IPHONEOS_DEPLOYMENT_TARGET = 15.2;
				MTL_ENABLE_DEBUG_INFO = INCLUDE_SOURCE;
				MTL_FAST_MATH = YES;
				ONLY_ACTIVE_ARCH = YES;
				SDKROOT = iphoneos;
				SWIFT_ACTIVE_COMPILATION_CONDITIONS = DEBUG;
				SWIFT_OPTIMIZATION_LEVEL = "-Onone";
			};
			name = Debug;
		};
		BCDABE5327B6C968005C3067 /* Release */ = {
			isa = XCBuildConfiguration;
			buildSettings = {
				ALWAYS_SEARCH_USER_PATHS = NO;
				CLANG_ANALYZER_NONNULL = YES;
				CLANG_ANALYZER_NUMBER_OBJECT_CONVERSION = YES_AGGRESSIVE;
				CLANG_CXX_LANGUAGE_STANDARD = "gnu++17";
				CLANG_CXX_LIBRARY = "libc++";
				CLANG_ENABLE_MODULES = YES;
				CLANG_ENABLE_OBJC_ARC = YES;
				CLANG_ENABLE_OBJC_WEAK = YES;
				CLANG_WARN_BLOCK_CAPTURE_AUTORELEASING = YES;
				CLANG_WARN_BOOL_CONVERSION = YES;
				CLANG_WARN_COMMA = YES;
				CLANG_WARN_CONSTANT_CONVERSION = YES;
				CLANG_WARN_DEPRECATED_OBJC_IMPLEMENTATIONS = YES;
				CLANG_WARN_DIRECT_OBJC_ISA_USAGE = YES_ERROR;
				CLANG_WARN_DOCUMENTATION_COMMENTS = YES;
				CLANG_WARN_EMPTY_BODY = YES;
				CLANG_WARN_ENUM_CONVERSION = YES;
				CLANG_WARN_INFINITE_RECURSION = YES;
				CLANG_WARN_INT_CONVERSION = YES;
				CLANG_WARN_NON_LITERAL_NULL_CONVERSION = YES;
				CLANG_WARN_OBJC_IMPLICIT_RETAIN_SELF = YES;
				CLANG_WARN_OBJC_LITERAL_CONVERSION = YES;
				CLANG_WARN_OBJC_ROOT_CLASS = YES_ERROR;
				CLANG_WARN_QUOTED_INCLUDE_IN_FRAMEWORK_HEADER = YES;
				CLANG_WARN_RANGE_LOOP_ANALYSIS = YES;
				CLANG_WARN_STRICT_PROTOTYPES = YES;
				CLANG_WARN_SUSPICIOUS_MOVE = YES;
				CLANG_WARN_UNGUARDED_AVAILABILITY = YES_AGGRESSIVE;
				CLANG_WARN_UNREACHABLE_CODE = YES;
				CLANG_WARN__DUPLICATE_METHOD_MATCH = YES;
				COPY_PHASE_STRIP = NO;
				DEBUG_INFORMATION_FORMAT = "dwarf-with-dsym";
				ENABLE_NS_ASSERTIONS = NO;
				ENABLE_STRICT_OBJC_MSGSEND = YES;
				GCC_C_LANGUAGE_STANDARD = gnu11;
				GCC_NO_COMMON_BLOCKS = YES;
				GCC_WARN_64_TO_32_BIT_CONVERSION = YES;
				GCC_WARN_ABOUT_RETURN_TYPE = YES_ERROR;
				GCC_WARN_UNDECLARED_SELECTOR = YES;
				GCC_WARN_UNINITIALIZED_AUTOS = YES_AGGRESSIVE;
				GCC_WARN_UNUSED_FUNCTION = YES;
				GCC_WARN_UNUSED_VARIABLE = YES;
				IPHONEOS_DEPLOYMENT_TARGET = 15.2;
				MTL_ENABLE_DEBUG_INFO = NO;
				MTL_FAST_MATH = YES;
				SDKROOT = iphoneos;
				SWIFT_COMPILATION_MODE = wholemodule;
				SWIFT_OPTIMIZATION_LEVEL = "-O";
				VALIDATE_PRODUCT = YES;
			};
			name = Release;
		};
		BCDABE5527B6C968005C3067 /* Debug */ = {
			isa = XCBuildConfiguration;
			buildSettings = {
				ASSETCATALOG_COMPILER_APPICON_NAME = AppIcon;
				ASSETCATALOG_COMPILER_GLOBAL_ACCENT_COLOR_NAME = AccentColor;
				CODE_SIGN_STYLE = Automatic;
				CURRENT_PROJECT_VERSION = 1;
				GENERATE_INFOPLIST_FILE = YES;
				INFOPLIST_FILE = EmojiButtonUI/Info.plist;
				INFOPLIST_KEY_UIApplicationSupportsIndirectInputEvents = YES;
				INFOPLIST_KEY_UILaunchStoryboardName = LaunchScreen;
				INFOPLIST_KEY_UIMainStoryboardFile = Main;
				INFOPLIST_KEY_UISupportedInterfaceOrientations_iPad = "UIInterfaceOrientationPortrait UIInterfaceOrientationPortraitUpsideDown UIInterfaceOrientationLandscapeLeft UIInterfaceOrientationLandscapeRight";
				INFOPLIST_KEY_UISupportedInterfaceOrientations_iPhone = "UIInterfaceOrientationPortrait UIInterfaceOrientationLandscapeLeft UIInterfaceOrientationLandscapeRight";
				LD_RUNPATH_SEARCH_PATHS = (
					"$(inherited)",
					"@executable_path/Frameworks",
				);
				MARKETING_VERSION = 1.0;
				PRODUCT_BUNDLE_IDENTIFIER = com.FirstProgrammaticUI.EmojiButtonUI;
				PRODUCT_NAME = "$(TARGET_NAME)";
				SWIFT_EMIT_LOC_STRINGS = YES;
				SWIFT_VERSION = 5.0;
				TARGETED_DEVICE_FAMILY = "1,2";
			};
			name = Debug;
		};
		BCDABE5627B6C968005C3067 /* Release */ = {
			isa = XCBuildConfiguration;
			buildSettings = {
				ASSETCATALOG_COMPILER_APPICON_NAME = AppIcon;
				ASSETCATALOG_COMPILER_GLOBAL_ACCENT_COLOR_NAME = AccentColor;
				CODE_SIGN_STYLE = Automatic;
				CURRENT_PROJECT_VERSION = 1;
				GENERATE_INFOPLIST_FILE = YES;
				INFOPLIST_FILE = EmojiButtonUI/Info.plist;
				INFOPLIST_KEY_UIApplicationSupportsIndirectInputEvents = YES;
				INFOPLIST_KEY_UILaunchStoryboardName = LaunchScreen;
				INFOPLIST_KEY_UIMainStoryboardFile = Main;
				INFOPLIST_KEY_UISupportedInterfaceOrientations_iPad = "UIInterfaceOrientationPortrait UIInterfaceOrientationPortraitUpsideDown UIInterfaceOrientationLandscapeLeft UIInterfaceOrientationLandscapeRight";
				INFOPLIST_KEY_UISupportedInterfaceOrientations_iPhone = "UIInterfaceOrientationPortrait UIInterfaceOrientationLandscapeLeft UIInterfaceOrientationLandscapeRight";
				LD_RUNPATH_SEARCH_PATHS = (
					"$(inherited)",
					"@executable_path/Frameworks",
				);
				MARKETING_VERSION = 1.0;
				PRODUCT_BUNDLE_IDENTIFIER = com.FirstProgrammaticUI.EmojiButtonUI;
				PRODUCT_NAME = "$(TARGET_NAME)";
				SWIFT_EMIT_LOC_STRINGS = YES;
				SWIFT_VERSION = 5.0;
				TARGETED_DEVICE_FAMILY = "1,2";
			};
			name = Release;
		};
		BCDABE5827B6C968005C3067 /* Debug */ = {
			isa = XCBuildConfiguration;
			buildSettings = {
				ALWAYS_EMBED_SWIFT_STANDARD_LIBRARIES = YES;
				BUNDLE_LOADER = "$(TEST_HOST)";
				CODE_SIGN_STYLE = Automatic;
				CURRENT_PROJECT_VERSION = 1;
				GENERATE_INFOPLIST_FILE = YES;
				IPHONEOS_DEPLOYMENT_TARGET = 15.2;
				MARKETING_VERSION = 1.0;
				PRODUCT_BUNDLE_IDENTIFIER = com.FirstProgrammaticUI.EmojiButtonUITests;
				PRODUCT_NAME = "$(TARGET_NAME)";
				SWIFT_EMIT_LOC_STRINGS = NO;
				SWIFT_VERSION = 5.0;
				TARGETED_DEVICE_FAMILY = "1,2";
				TEST_HOST = "$(BUILT_PRODUCTS_DIR)/EmojiButtonUI.app/EmojiButtonUI";
			};
			name = Debug;
		};
		BCDABE5927B6C968005C3067 /* Release */ = {
			isa = XCBuildConfiguration;
			buildSettings = {
				ALWAYS_EMBED_SWIFT_STANDARD_LIBRARIES = YES;
				BUNDLE_LOADER = "$(TEST_HOST)";
				CODE_SIGN_STYLE = Automatic;
				CURRENT_PROJECT_VERSION = 1;
				GENERATE_INFOPLIST_FILE = YES;
				IPHONEOS_DEPLOYMENT_TARGET = 15.2;
				MARKETING_VERSION = 1.0;
				PRODUCT_BUNDLE_IDENTIFIER = com.FirstProgrammaticUI.EmojiButtonUITests;
				PRODUCT_NAME = "$(TARGET_NAME)";
				SWIFT_EMIT_LOC_STRINGS = NO;
				SWIFT_VERSION = 5.0;
				TARGETED_DEVICE_FAMILY = "1,2";
				TEST_HOST = "$(BUILT_PRODUCTS_DIR)/EmojiButtonUI.app/EmojiButtonUI";
			};
			name = Release;
		};
		BCDABE5B27B6C968005C3067 /* Debug */ = {
			isa = XCBuildConfiguration;
			buildSettings = {
				ALWAYS_EMBED_SWIFT_STANDARD_LIBRARIES = YES;
				CODE_SIGN_STYLE = Automatic;
				CURRENT_PROJECT_VERSION = 1;
				GENERATE_INFOPLIST_FILE = YES;
				MARKETING_VERSION = 1.0;
				PRODUCT_BUNDLE_IDENTIFIER = com.FirstProgrammaticUI.EmojiButtonUIUITests;
				PRODUCT_NAME = "$(TARGET_NAME)";
				SWIFT_EMIT_LOC_STRINGS = NO;
				SWIFT_VERSION = 5.0;
				TARGETED_DEVICE_FAMILY = "1,2";
				TEST_TARGET_NAME = EmojiButtonUI;
			};
			name = Debug;
		};
		BCDABE5C27B6C968005C3067 /* Release */ = {
			isa = XCBuildConfiguration;
			buildSettings = {
				ALWAYS_EMBED_SWIFT_STANDARD_LIBRARIES = YES;
				CODE_SIGN_STYLE = Automatic;
				CURRENT_PROJECT_VERSION = 1;
				GENERATE_INFOPLIST_FILE = YES;
				MARKETING_VERSION = 1.0;
				PRODUCT_BUNDLE_IDENTIFIER = com.FirstProgrammaticUI.EmojiButtonUIUITests;
				PRODUCT_NAME = "$(TARGET_NAME)";
				SWIFT_EMIT_LOC_STRINGS = NO;
				SWIFT_VERSION = 5.0;
				TARGETED_DEVICE_FAMILY = "1,2";
				TEST_TARGET_NAME = EmojiButtonUI;
			};
			name = Release;
		};
/* End XCBuildConfiguration section */

/* Begin XCConfigurationList section */
		BCDABE2527B6C967005C3067 /* Build configuration list for PBXProject "EmojiButtonUI" */ = {
			isa = XCConfigurationList;
			buildConfigurations = (
				BCDABE5227B6C968005C3067 /* Debug */,
				BCDABE5327B6C968005C3067 /* Release */,
			);
			defaultConfigurationIsVisible = 0;
			defaultConfigurationName = Release;
		};
		BCDABE5427B6C968005C3067 /* Build configuration list for PBXNativeTarget "EmojiButtonUI" */ = {
			isa = XCConfigurationList;
			buildConfigurations = (
				BCDABE5527B6C968005C3067 /* Debug */,
				BCDABE5627B6C968005C3067 /* Release */,
			);
			defaultConfigurationIsVisible = 0;
			defaultConfigurationName = Release;
		};
		BCDABE5727B6C968005C3067 /* Build configuration list for PBXNativeTarget "EmojiButtonUITests" */ = {
			isa = XCConfigurationList;
			buildConfigurations = (
				BCDABE5827B6C968005C3067 /* Debug */,
				BCDABE5927B6C968005C3067 /* Release */,
			);
			defaultConfigurationIsVisible = 0;
			defaultConfigurationName = Release;
		};
		BCDABE5A27B6C968005C3067 /* Build configuration list for PBXNativeTarget "EmojiButtonUIUITests" */ = {
			isa = XCConfigurationList;
			buildConfigurations = (
				BCDABE5B27B6C968005C3067 /* Debug */,
				BCDABE5C27B6C968005C3067 /* Release */,
			);
			defaultConfigurationIsVisible = 0;
			defaultConfigurationName = Release;
		};
/* End XCConfigurationList section */
	};
	rootObject = BCDABE2227B6C967005C3067 /* Project object */;
}
